
Microsoft Visual Studio Solution File, Format Version 12.00
# Visual Studio Version 17
VisualStudioVersion = 17.9.34616.47
MinimumVisualStudioVersion = 10.0.40219.1
Project("{FAE04EC0-301F-11D3-BF4B-00C04F79EFBC}") = "BulkyWeb", "BulkyWeb\BulkyWeb.csproj", "{2773304D-1949-4D09-A1FF-9D434308D26F}"
EndProject
Global
	GlobalSection(SolutionConfigurationPlatforms) = preSolution
		Debug|Any CPU = Debug|Any CPU
		Release|Any CPU = Release|Any CPU
	EndGlobalSection
	GlobalSection(ProjectConfigurationPlatforms) = postSolution
		{2773304D-1949-4D09-A1FF-9D434308D26F}.Debug|Any CPU.ActiveCfg = Debug|Any CPU
		{2773304D-1949-4D09-A1FF-9D434308D26F}.Debug|Any CPU.Build.0 = Debug|Any CPU
		{2773304D-1949-4D09-A1FF-9D434308D26F}.Release|Any CPU.ActiveCfg = Release|Any CPU
		{2773304D-1949-4D09-A1FF-9D434308D26F}.Release|Any CPU.Build.0 = Release|Any CPU
	EndGlobalSection
	GlobalSection(SolutionProperties) = preSolution
		HideSolutionNode = FALSE
	EndGlobalSection
	GlobalSection(ExtensibilityGlobals) = postSolution
		SolutionGuid = {D27D7AEB-98BB-49DD-99B6-D20AF89D2DAF}
	EndGlobalSection
EndGlobal
